schema: '2.0'
stages:
  train:
    cmd: python main_pipeline.py --config configs/train_config.yaml
    deps:
    - path: configs/train_config.yaml
      hash: md5
      md5: 653c36bda6dd86c85170bd458175ae62
      size: 1150
    - path: data/raw/
      hash: md5
      md5: 465a4ea97c26b5031b4043bcab853785.dir
      size: 8142748
      nfiles: 4
    outs:
    - path: models/catclf.pkl
      hash: md5
      md5: dd1b3c04f748802dacf32961862249fc
      size: 65494
    - path: models/metrics.json
      hash: md5
      md5: 07bf6a695e667a03cc27a7bac7e63475
      size: 164
